
Microsoft Visual Studio Solution File, Format Version 12.00
# Visual Studio 15
VisualStudioVersion = 15.0.27130.2036
MinimumVisualStudioVersion = 10.0.40219.1
Project("{FAE04EC0-301F-11D3-BF4B-00C04F79EFBC}") = "SIMD.TestTool", "SIMD.TestTool\SIMD.TestTool.csproj", "{9B5A8F0B-9528-4EB7-81F9-D22472705F54}"
EndProject
Global
	GlobalSection(SolutionConfigurationPlatforms) = preSolution
		Debug|Any CPU = Debug|Any CPU
		Release|Any CPU = Release|Any CPU
	EndGlobalSection
	GlobalSection(ProjectConfigurationPlatforms) = postSolution
		{9B5A8F0B-9528-4EB7-81F9-D22472705F54}.Debug|Any CPU.ActiveCfg = Debug|Any CPU
		{9B5A8F0B-9528-4EB7-81F9-D22472705F54}.Debug|Any CPU.Build.0 = Debug|Any CPU
		{9B5A8F0B-9528-4EB7-81F9-D22472705F54}.Release|Any CPU.ActiveCfg = Release|Any CPU
		{9B5A8F0B-9528-4EB7-81F9-D22472705F54}.Release|Any CPU.Build.0 = Release|Any CPU
	EndGlobalSection
	GlobalSection(SolutionProperties) = preSolution
		HideSolutionNode = FALSE
	EndGlobalSection
	GlobalSection(ExtensibilityGlobals) = postSolution
		SolutionGuid = {BCAEF982-A004-4E32-932A-0972A08234D4}
	EndGlobalSection
EndGlobal
